// !$*UTF8*$!
{
	archiveVersion = 1;
	classes = {
	};
	objectVersion = 50;
	objects = {

/* Begin PBXBuildFile section */
		0B469E2ADAA3AD3411DCF9B4 /* Pods_AYMProject.framework in Frameworks */ = {isa = PBXBuildFile; fileRef = 2B64925529AA4F0D7BCE95A3 /* Pods_AYMProject.framework */; };
		9E6C24CB20C1CA3E003C85C0 /* AlamofireHelper.swift in Sources */ = {isa = PBXBuildFile; fileRef = 9E6C24C920C1CA3E003C85C0 /* AlamofireHelper.swift */; };
		9E6C24CC20C1CA3E003C85C0 /* UIImageViewExtension.swift in Sources */ = {isa = PBXBuildFile; fileRef = 9E6C24CA20C1CA3E003C85C0 /* UIImageViewExtension.swift */; };
		9E6C24D320C1CAE2003C85C0 /* WeatherViewController.swift in Sources */ = {isa = PBXBuildFile; fileRef = 9E6C24D220C1CAE2003C85C0 /* WeatherViewController.swift */; };
		9E6C24D720C1CB13003C85C0 /* MainViewController.swift in Sources */ = {isa = PBXBuildFile; fileRef = 9E6C24D620C1CB13003C85C0 /* MainViewController.swift */; };
		9E6C24D920C1CDC2003C85C0 /* HotelListTableViewController.swift in Sources */ = {isa = PBXBuildFile; fileRef = 9E6C24D820C1CDC2003C85C0 /* HotelListTableViewController.swift */; };
		9E6C24DB20C1CEA1003C85C0 /* WeatherInfo.swift in Sources */ = {isa = PBXBuildFile; fileRef = 9E6C24DA20C1CEA1003C85C0 /* WeatherInfo.swift */; };
		9E6C24DD20C1CEC1003C85C0 /* HotelInfo.swift in Sources */ = {isa = PBXBuildFile; fileRef = 9E6C24DC20C1CEC1003C85C0 /* HotelInfo.swift */; };
		9E6C24DF20C1D1FC003C85C0 /* HotelAPIHandler.swift in Sources */ = {isa = PBXBuildFile; fileRef = 9E6C24DE20C1D1FC003C85C0 /* HotelAPIHandler.swift */; };
		9E6C24E120C1D24C003C85C0 /* WeatherAPIHandler.swift in Sources */ = {isa = PBXBuildFile; fileRef = 9E6C24E020C1D24C003C85C0 /* WeatherAPIHandler.swift */; };
		9E6C24E320C1D308003C85C0 /* MainViewLocationDelegate.swift in Sources */ = {isa = PBXBuildFile; fileRef = 9E6C24E220C1D308003C85C0 /* MainViewLocationDelegate.swift */; };
		9E6C24E520C1D72E003C85C0 /* HotelHanlderDelegate.swift in Sources */ = {isa = PBXBuildFile; fileRef = 9E6C24E420C1D72E003C85C0 /* HotelHanlderDelegate.swift */; };
		9E6C24E720C1D843003C85C0 /* HotelInfoTableViewCell.swift in Sources */ = {isa = PBXBuildFile; fileRef = 9E6C24E620C1D843003C85C0 /* HotelInfoTableViewCell.swift */; };
		9E6C24E920C1DACA003C85C0 /* RateStarView.swift in Sources */ = {isa = PBXBuildFile; fileRef = 9E6C24E820C1DACA003C85C0 /* RateStarView.swift */; };
		9EBE9F7720C1C53900A32121 /* AppDelegate.swift in Sources */ = {isa = PBXBuildFile; fileRef = 9EBE9F7620C1C53900A32121 /* AppDelegate.swift */; };
		9EBE9F7C20C1C53900A32121 /* Main.storyboard in Resources */ = {isa = PBXBuildFile; fileRef = 9EBE9F7A20C1C53900A32121 /* Main.storyboard */; };
		9EBE9F7E20C1C53A00A32121 /* Assets.xcassets in Resources */ = {isa = PBXBuildFile; fileRef = 9EBE9F7D20C1C53A00A32121 /* Assets.xcassets */; };
		9EBE9F8120C1C53A00A32121 /* LaunchScreen.storyboard in Resources */ = {isa = PBXBuildFile; fileRef = 9EBE9F7F20C1C53A00A32121 /* LaunchScreen.storyboard */; };
/* End PBXBuildFile section */

/* Begin PBXFileReference section */
		2B64925529AA4F0D7BCE95A3 /* Pods_AYMProject.framework */ = {isa = PBXFileReference; explicitFileType = wrapper.framework; includeInIndex = 0; path = Pods_AYMProject.framework; sourceTree = BUILT_PRODUCTS_DIR; };
		35AFA80C9323445E975E284A /* Pods-AYMProject.release.xcconfig */ = {isa = PBXFileReference; includeInIndex = 1; lastKnownFileType = text.xcconfig; name = "Pods-AYMProject.release.xcconfig"; path = "Pods/Target Support Files/Pods-AYMProject/Pods-AYMProject.release.xcconfig"; sourceTree = "<group>"; };
		9E6C24C920C1CA3E003C85C0 /* AlamofireHelper.swift */ = {isa = PBXFileReference; fileEncoding = 4; lastKnownFileType = sourcecode.swift; path = AlamofireHelper.swift; sourceTree = "<group>"; };
		9E6C24CA20C1CA3E003C85C0 /* UIImageViewExtension.swift */ = {isa = PBXFileReference; fileEncoding = 4; lastKnownFileType = sourcecode.swift; path = UIImageViewExtension.swift; sourceTree = "<group>"; };
		9E6C24D220C1CAE2003C85C0 /* WeatherViewController.swift */ = {isa = PBXFileReference; lastKnownFileType = sourcecode.swift; path = WeatherViewController.swift; sourceTree = "<group>"; };
		9E6C24D620C1CB13003C85C0 /* MainViewController.swift */ = {isa = PBXFileReference; lastKnownFileType = sourcecode.swift; path = MainViewController.swift; sourceTree = "<group>"; };
		9E6C24D820C1CDC2003C85C0 /* HotelListTableViewController.swift */ = {isa = PBXFileReference; lastKnownFileType = sourcecode.swift; path = HotelListTableViewController.swift; sourceTree = "<group>"; };
		9E6C24DA20C1CEA1003C85C0 /* WeatherInfo.swift */ = {isa = PBXFileReference; lastKnownFileType = sourcecode.swift; name = WeatherInfo.swift; path = Model/WeatherInfo.swift; sourceTree = "<group>"; };
		9E6C24DC20C1CEC1003C85C0 /* HotelInfo.swift */ = {isa = PBXFileReference; lastKnownFileType = sourcecode.swift; name = HotelInfo.swift; path = Model/HotelInfo.swift; sourceTree = "<group>"; };
		9E6C24DE20C1D1FC003C85C0 /* HotelAPIHandler.swift */ = {isa = PBXFileReference; lastKnownFileType = sourcecode.swift; path = HotelAPIHandler.swift; sourceTree = "<group>"; };
		9E6C24E020C1D24C003C85C0 /* WeatherAPIHandler.swift */ = {isa = PBXFileReference; lastKnownFileType = sourcecode.swift; path = WeatherAPIHandler.swift; sourceTree = "<group>"; };
		9E6C24E220C1D308003C85C0 /* MainViewLocationDelegate.swift */ = {isa = PBXFileReference; lastKnownFileType = sourcecode.swift; path = MainViewLocationDelegate.swift; sourceTree = "<group>"; };
		9E6C24E420C1D72E003C85C0 /* HotelHanlderDelegate.swift */ = {isa = PBXFileReference; lastKnownFileType = sourcecode.swift; path = HotelHanlderDelegate.swift; sourceTree = "<group>"; };
		9E6C24E620C1D843003C85C0 /* HotelInfoTableViewCell.swift */ = {isa = PBXFileReference; lastKnownFileType = sourcecode.swift; path = HotelInfoTableViewCell.swift; sourceTree = "<group>"; };
		9E6C24E820C1DACA003C85C0 /* RateStarView.swift */ = {isa = PBXFileReference; lastKnownFileType = sourcecode.swift; path = RateStarView.swift; sourceTree = "<group>"; };
		9EBE9F7320C1C53900A32121 /* AYMProject.app */ = {isa = PBXFileReference; explicitFileType = wrapper.application; includeInIndex = 0; path = AYMProject.app; sourceTree = BUILT_PRODUCTS_DIR; };
		9EBE9F7620C1C53900A32121 /* AppDelegate.swift */ = {isa = PBXFileReference; lastKnownFileType = sourcecode.swift; path = AppDelegate.swift; sourceTree = "<group>"; };
		9EBE9F7B20C1C53900A32121 /* Base */ = {isa = PBXFileReference; lastKnownFileType = file.storyboard; name = Base; path = Base.lproj/Main.storyboard; sourceTree = "<group>"; };
		9EBE9F7D20C1C53A00A32121 /* Assets.xcassets */ = {isa = PBXFileReference; lastKnownFileType = folder.assetcatalog; path = Assets.xcassets; sourceTree = "<group>"; };
		9EBE9F8020C1C53A00A32121 /* Base */ = {isa = PBXFileReference; lastKnownFileType = file.storyboard; name = Base; path = Base.lproj/LaunchScreen.storyboard; sourceTree = "<group>"; };
		9EBE9F8220C1C53A00A32121 /* Info.plist */ = {isa = PBXFileReference; lastKnownFileType = text.plist.xml; path = Info.plist; sourceTree = "<group>"; };
		D0409384AE971EF8B376956D /* Pods-AYMProject.debug.xcconfig */ = {isa = PBXFileReference; includeInIndex = 1; lastKnownFileType = text.xcconfig; name = "Pods-AYMProject.debug.xcconfig"; path = "Pods/Target Support Files/Pods-AYMProject/Pods-AYMProject.debug.xcconfig"; sourceTree = "<group>"; };
/* End PBXFileReference section */

/* Begin PBXFrameworksBuildPhase section */
		9EBE9F7020C1C53900A32121 /* Frameworks */ = {
			isa = PBXFrameworksBuildPhase;
			buildActionMask = 2147483647;
			files = (
				0B469E2ADAA3AD3411DCF9B4 /* Pods_AYMProject.framework in Frameworks */,
			);
			runOnlyForDeploymentPostprocessing = 0;
		};
/* End PBXFrameworksBuildPhase section */

/* Begin PBXGroup section */
		0CBAF1124DFC487AEFC4BF40 /* Frameworks */ = {
			isa = PBXGroup;
			children = (
				2B64925529AA4F0D7BCE95A3 /* Pods_AYMProject.framework */,
			);
			name = Frameworks;
			sourceTree = "<group>";
		};
		1A4B4F8E01539EBCF9912EBF /* Pods */ = {
			isa = PBXGroup;
			children = (
				D0409384AE971EF8B376956D /* Pods-AYMProject.debug.xcconfig */,
				35AFA80C9323445E975E284A /* Pods-AYMProject.release.xcconfig */,
			);
			name = Pods;
			sourceTree = "<group>";
		};
		9E6C24C820C1CA21003C85C0 /* Helper */ = {
			isa = PBXGroup;
			children = (
				9E6C24C920C1CA3E003C85C0 /* AlamofireHelper.swift */,
				9E6C24CA20C1CA3E003C85C0 /* UIImageViewExtension.swift */,
			);
			path = Helper;
			sourceTree = "<group>";
		};
		9E6C24CD20C1CA5C003C85C0 /* AYM */ = {
			isa = PBXGroup;
			children = (
				9E6C24D120C1CABD003C85C0 /* Controller */,
				9E6C24D020C1CAB4003C85C0 /* View */,
				9E6C24CF20C1CA95003C85C0 /* Model */,
				9E6C24CE20C1CA86003C85C0 /* ModelView */,
			);
			path = AYM;
			sourceTree = "<group>";
		};
		9E6C24CE20C1CA86003C85C0 /* ModelView */ = {
			isa = PBXGroup;
			children = (
				9E6C24DE20C1D1FC003C85C0 /* HotelAPIHandler.swift */,
				9E6C24E020C1D24C003C85C0 /* WeatherAPIHandler.swift */,
			);
			path = ModelView;
			sourceTree = "<group>";
		};
		9E6C24CF20C1CA95003C85C0 /* Model */ = {
			isa = PBXGroup;
			children = (
				9E6C24DA20C1CEA1003C85C0 /* WeatherInfo.swift */,
				9E6C24DC20C1CEC1003C85C0 /* HotelInfo.swift */,
			);
			name = Model;
			sourceTree = "<group>";
		};
		9E6C24D020C1CAB4003C85C0 /* View */ = {
			isa = PBXGroup;
			children = (
				9E6C24E620C1D843003C85C0 /* HotelInfoTableViewCell.swift */,
				9E6C24E820C1DACA003C85C0 /* RateStarView.swift */,
			);
			path = View;
			sourceTree = "<group>";
		};
		9E6C24D120C1CABD003C85C0 /* Controller */ = {
			isa = PBXGroup;
			children = (
				9E6C24D220C1CAE2003C85C0 /* WeatherViewController.swift */,
				9E6C24D620C1CB13003C85C0 /* MainViewController.swift */,
				9E6C24D820C1CDC2003C85C0 /* HotelListTableViewController.swift */,
				9E6C24E220C1D308003C85C0 /* MainViewLocationDelegate.swift */,
				9E6C24E420C1D72E003C85C0 /* HotelHanlderDelegate.swift */,
			);
			path = Controller;
			sourceTree = "<group>";
		};
		9EBE9F6A20C1C53900A32121 = {
			isa = PBXGroup;
			children = (
				9EBE9F7520C1C53900A32121 /* AYMProject */,
				9EBE9F7420C1C53900A32121 /* Products */,
				1A4B4F8E01539EBCF9912EBF /* Pods */,
				0CBAF1124DFC487AEFC4BF40 /* Frameworks */,
			);
			sourceTree = "<group>";
		};
		9EBE9F7420C1C53900A32121 /* Products */ = {
			isa = PBXGroup;
			children = (
				9EBE9F7320C1C53900A32121 /* AYMProject.app */,
			);
			name = Products;
			sourceTree = "<group>";
		};
		9EBE9F7520C1C53900A32121 /* AYMProject */ = {
			isa = PBXGroup;
			children = (
				9E6C24CD20C1CA5C003C85C0 /* AYM */,
				9E6C24C820C1CA21003C85C0 /* Helper */,
				9EBE9F7620C1C53900A32121 /* AppDelegate.swift */,
				9EBE9F7A20C1C53900A32121 /* Main.storyboard */,
				9EBE9F7D20C1C53A00A32121 /* Assets.xcassets */,
				9EBE9F7F20C1C53A00A32121 /* LaunchScreen.storyboard */,
				9EBE9F8220C1C53A00A32121 /* Info.plist */,
			);
			path = AYMProject;
			sourceTree = "<group>";
		};
/* End PBXGroup section */

/* Begin PBXNativeTarget section */
		9EBE9F7220C1C53900A32121 /* AYMProject */ = {
			isa = PBXNativeTarget;
			buildConfigurationList = 9EBE9F8520C1C53A00A32121 /* Build configuration list for PBXNativeTarget "AYMProject" */;
			buildPhases = (
				0889BAD1448A24A932696B83 /* [CP] Check Pods Manifest.lock */,
				9EBE9F6F20C1C53900A32121 /* Sources */,
				9EBE9F7020C1C53900A32121 /* Frameworks */,
				9EBE9F7120C1C53900A32121 /* Resources */,
				9B114A40359CBC5A339AFE73 /* [CP] Embed Pods Frameworks */,
			);
			buildRules = (
			);
			dependencies = (
			);
			name = AYMProject;
			productName = AYMProject;
			productReference = 9EBE9F7320C1C53900A32121 /* AYMProject.app */;
			productType = "com.apple.product-type.application";
		};
/* End PBXNativeTarget section */

/* Begin PBXProject section */
		9EBE9F6B20C1C53900A32121 /* Project object */ = {
			isa = PBXProject;
			attributes = {
				LastSwiftUpdateCheck = 0930;
				LastUpgradeCheck = 0930;
				ORGANIZATIONNAME = "Muhammad Saqib Khan";
				TargetAttributes = {
					9EBE9F7220C1C53900A32121 = {
						CreatedOnToolsVersion = 9.3;
					};
				};
			};
			buildConfigurationList = 9EBE9F6E20C1C53900A32121 /* Build configuration list for PBXProject "AYMProject" */;
			compatibilityVersion = "Xcode 9.3";
			developmentRegion = en;
			hasScannedForEncodings = 0;
			knownRegions = (
				en,
				Base,
			);
			mainGroup = 9EBE9F6A20C1C53900A32121;
			productRefGroup = 9EBE9F7420C1C53900A32121 /* Products */;
			projectDirPath = "";
			projectRoot = "";
			targets = (
				9EBE9F7220C1C53900A32121 /* AYMProject */,
			);
		};
/* End PBXProject section */

/* Begin PBXResourcesBuildPhase section */
		9EBE9F7120C1C53900A32121 /* Resources */ = {
			isa = PBXResourcesBuildPhase;
			buildActionMask = 2147483647;
			files = (
				9EBE9F8120C1C53A00A32121 /* LaunchScreen.storyboard in Resources */,
				9EBE9F7E20C1C53A00A32121 /* Assets.xcassets in Resources */,
				9EBE9F7C20C1C53900A32121 /* Main.storyboard in Resources */,
			);
			runOnlyForDeploymentPostprocessing = 0;
		};
/* End PBXResourcesBuildPhase section */

/* Begin PBXShellScriptBuildPhase section */
		0889BAD1448A24A932696B83 /* [CP] Check Pods Manifest.lock */ = {
			isa = PBXShellScriptBuildPhase;
			buildActionMask = 2147483647;
			files = (
			);
			inputPaths = (
				"${PODS_PODFILE_DIR_PATH}/Podfile.lock",
				"${PODS_ROOT}/Manifest.lock",
			);
			name = "[CP] Check Pods Manifest.lock";
			outputPaths = (
				"$(DERIVED_FILE_DIR)/Pods-AYMProject-checkManifestLockResult.txt",
			);
			runOnlyForDeploymentPostprocessing = 0;
			shellPath = /bin/sh;
			shellScript = "diff \"${PODS_PODFILE_DIR_PATH}/Podfile.lock\" \"${PODS_ROOT}/Manifest.lock\" > /dev/null\nif [ $? != 0 ] ; then\n    # print error to STDERR\n    echo \"error: The sandbox is not in sync with the Podfile.lock. Run 'pod install' or update your CocoaPods installation.\" >&2\n    exit 1\nfi\n# This output is used by Xcode 'outputs' to avoid re-running this script phase.\necho \"SUCCESS\" > \"${SCRIPT_OUTPUT_FILE_0}\"\n";
			showEnvVarsInLog = 0;
		};
		9B114A40359CBC5A339AFE73 /* [CP] Embed Pods Frameworks */ = {
			isa = PBXShellScriptBuildPhase;
			buildActionMask = 2147483647;
			files = (
			);
			inputPaths = (
				"${SRCROOT}/Pods/Target Support Files/Pods-AYMProject/Pods-AYMProject-frameworks.sh",
				"${BUILT_PRODUCTS_DIR}/Alamofire/Alamofire.framework",
				"${BUILT_PRODUCTS_DIR}/SwiftyJSON/SwiftyJSON.framework",
			);
			name = "[CP] Embed Pods Frameworks";
			outputPaths = (
				"${TARGET_BUILD_DIR}/${FRAMEWORKS_FOLDER_PATH}/Alamofire.framework",
				"${TARGET_BUILD_DIR}/${FRAMEWORKS_FOLDER_PATH}/SwiftyJSON.framework",
			);
			runOnlyForDeploymentPostprocessing = 0;
			shellPath = /bin/sh;
			shellScript = "\"${SRCROOT}/Pods/Target Support Files/Pods-AYMProject/Pods-AYMProject-frameworks.sh\"\n";
			showEnvVarsInLog = 0;
		};
/* End PBXShellScriptBuildPhase section */

/* Begin PBXSourcesBuildPhase section */
		9EBE9F6F20C1C53900A32121 /* Sources */ = {
			isa = PBXSourcesBuildPhase;
			buildActionMask = 2147483647;
			files = (
				9E6C24E120C1D24C003C85C0 /* WeatherAPIHandler.swift in Sources */,
				9E6C24DF20C1D1FC003C85C0 /* HotelAPIHandler.swift in Sources */,
				9E6C24DB20C1CEA1003C85C0 /* WeatherInfo.swift in Sources */,
				9E6C24D720C1CB13003C85C0 /* MainViewController.swift in Sources */,
				9E6C24DD20C1CEC1003C85C0 /* HotelInfo.swift in Sources */,
				9E6C24D920C1CDC2003C85C0 /* HotelListTableViewController.swift in Sources */,
				9E6C24E920C1DACA003C85C0 /* RateStarView.swift in Sources */,
				9E6C24E520C1D72E003C85C0 /* HotelHanlderDelegate.swift in Sources */,
				9E6C24D320C1CAE2003C85C0 /* WeatherViewController.swift in Sources */,
				9E6C24CB20C1CA3E003C85C0 /* AlamofireHelper.swift in Sources */,
				9E6C24CC20C1CA3E003C85C0 /* UIImageViewExtension.swift in Sources */,
				9EBE9F7720C1C53900A32121 /* AppDelegate.swift in Sources */,
				9E6C24E720C1D843003C85C0 /* HotelInfoTableViewCell.swift in Sources */,
				9E6C24E320C1D308003C85C0 /* MainViewLocationDelegate.swift in Sources */,
			);
			runOnlyForDeploymentPostprocessing = 0;
		};
/* End PBXSourcesBuildPhase section */

/* Begin PBXVariantGroup section */
		9EBE9F7A20C1C53900A32121 /* Main.storyboard */ = {
			isa = PBXVariantGroup;
			children = (
				9EBE9F7B20C1C53900A32121 /* Base */,
			);
			name = Main.storyboard;
			sourceTree = "<group>";
		};
		9EBE9F7F20C1C53A00A32121 /* LaunchScreen.storyboard */ = {
			isa = PBXVariantGroup;
			children = (
				9EBE9F8020C1C53A00A32121 /* Base */,
			);
			name = LaunchScreen.storyboard;
			sourceTree = "<group>";
		};
/* End PBXVariantGroup section */

/* Begin XCBuildConfiguration section */
		9EBE9F8320C1C53A00A32121 /* Debug */ = {
			isa = XCBuildConfiguration;
			buildSettings = {
				ALWAYS_SEARCH_USER_PATHS = NO;
				CLANG_ANALYZER_NONNULL = YES;
				CLANG_ANALYZER_NUMBER_OBJECT_CONVERSION = YES_AGGRESSIVE;
				CLANG_CXX_LANGUAGE_STANDARD = "gnu++14";
				CLANG_CXX_LIBRARY = "libc++";
				CLANG_ENABLE_MODULES = YES;
				CLANG_ENABLE_OBJC_ARC = YES;
				CLANG_ENABLE_OBJC_WEAK = YES;
				CLANG_WARN_BLOCK_CAPTURE_AUTORELEASING = YES;
				CLANG_WARN_BOOL_CONVERSION = YES;
				CLANG_WARN_COMMA = YES;
				CLANG_WARN_CONSTANT_CONVERSION = YES;
				CLANG_WARN_DEPRECATED_OBJC_IMPLEMENTATIONS = YES;
				CLANG_WARN_DIRECT_OBJC_ISA_USAGE = YES_ERROR;
				CLANG_WARN_DOCUMENTATION_COMMENTS = YES;
				CLANG_WARN_EMPTY_BODY = YES;
				CLANG_WARN_ENUM_CONVERSION = YES;
				CLANG_WARN_INFINITE_RECURSION = YES;
				CLANG_WARN_INT_CONVERSION = YES;
				CLANG_WARN_NON_LITERAL_NULL_CONVERSION = YES;
				CLANG_WARN_OBJC_IMPLICIT_RETAIN_SELF = YES;
				CLANG_WARN_OBJC_LITERAL_CONVERSION = YES;
				CLANG_WARN_OBJC_ROOT_CLASS = YES_ERROR;
				CLANG_WARN_RANGE_LOOP_ANALYSIS = YES;
				CLANG_WARN_STRICT_PROTOTYPES = YES;
				CLANG_WARN_SUSPICIOUS_MOVE = YES;
				CLANG_WARN_UNGUARDED_AVAILABILITY = YES_AGGRESSIVE;
				CLANG_WARN_UNREACHABLE_CODE = YES;
				CLANG_WARN__DUPLICATE_METHOD_MATCH = YES;
				CODE_SIGN_IDENTITY = "iPhone Developer";
				COPY_PHASE_STRIP = NO;
				DEBUG_INFORMATION_FORMAT = dwarf;
				ENABLE_STRICT_OBJC_MSGSEND = YES;
				ENABLE_TESTABILITY = YES;
				GCC_C_LANGUAGE_STANDARD = gnu11;
				GCC_DYNAMIC_NO_PIC = NO;
				GCC_NO_COMMON_BLOCKS = YES;
				GCC_OPTIMIZATION_LEVEL = 0;
				GCC_PREPROCESSOR_DEFINITIONS = (
					"DEBUG=1",
					"$(inherited)",
				);
				GCC_WARN_64_TO_32_BIT_CONVERSION = YES;
				GCC_WARN_ABOUT_RETURN_TYPE = YES_ERROR;
				GCC_WARN_UNDECLARED_SELECTOR = YES;
				GCC_WARN_UNINITIALIZED_AUTOS = YES_AGGRESSIVE;
				GCC_WARN_UNUSED_FUNCTION = YES;
				GCC_WARN_UNUSED_VARIABLE = YES;
				IPHONEOS_DEPLOYMENT_TARGET = 11.3;
				MTL_ENABLE_DEBUG_INFO = YES;
				ONLY_ACTIVE_ARCH = YES;
				SDKROOT = iphoneos;
				SWIFT_ACTIVE_COMPILATION_CONDITIONS = DEBUG;
				SWIFT_OPTIMIZATION_LEVEL = "-Onone";
			};
			name = Debug;
		};
		9EBE9F8420C1C53A00A32121 /* Release */ = {
			isa = XCBuildConfiguration;
			buildSettings = {
				ALWAYS_SEARCH_USER_PATHS = NO;
				CLANG_ANALYZER_NONNULL = YES;
				CLANG_ANALYZER_NUMBER_OBJECT_CONVERSION = YES_AGGRESSIVE;
				CLANG_CXX_LANGUAGE_STANDARD = "gnu++14";
				CLANG_CXX_LIBRARY = "libc++";
				CLANG_ENABLE_MODULES = YES;
				CLANG_ENABLE_OBJC_ARC = YES;
				CLANG_ENABLE_OBJC_WEAK = YES;
				CLANG_WARN_BLOCK_CAPTURE_AUTORELEASING = YES;
				CLANG_WARN_BOOL_CONVERSION = YES;
				CLANG_WARN_COMMA = YES;
				CLANG_WARN_CONSTANT_CONVERSION = YES;
				CLANG_WARN_DEPRECATED_OBJC_IMPLEMENTATIONS = YES;
				CLANG_WARN_DIRECT_OBJC_ISA_USAGE = YES_ERROR;
				CLANG_WARN_DOCUMENTATION_COMMENTS = YES;
				CLANG_WARN_EMPTY_BODY = YES;
				CLANG_WARN_ENUM_CONVERSION = YES;
				CLANG_WARN_INFINITE_RECURSION = YES;
				CLANG_WARN_INT_CONVERSION = YES;
				CLANG_WARN_NON_LITERAL_NULL_CONVERSION = YES;
				CLANG_WARN_OBJC_IMPLICIT_RETAIN_SELF = YES;
				CLANG_WARN_OBJC_LITERAL_CONVERSION = YES;
				CLANG_WARN_OBJC_ROOT_CLASS = YES_ERROR;
				CLANG_WARN_RANGE_LOOP_ANALYSIS = YES;
				CLANG_WARN_STRICT_PROTOTYPES = YES;
				CLANG_WARN_SUSPICIOUS_MOVE = YES;
				CLANG_WARN_UNGUARDED_AVAILABILITY = YES_AGGRESSIVE;
				CLANG_WARN_UNREACHABLE_CODE = YES;
				CLANG_WARN__DUPLICATE_METHOD_MATCH = YES;
				CODE_SIGN_IDENTITY = "iPhone Developer";
				COPY_PHASE_STRIP = NO;
				DEBUG_INFORMATION_FORMAT = "dwarf-with-dsym";
				ENABLE_NS_ASSERTIONS = NO;
				ENABLE_STRICT_OBJC_MSGSEND = YES;
				GCC_C_LANGUAGE_STANDARD = gnu11;
				GCC_NO_COMMON_BLOCKS = YES;
				GCC_WARN_64_TO_32_BIT_CONVERSION = YES;
				GCC_WARN_ABOUT_RETURN_TYPE = YES_ERROR;
				GCC_WARN_UNDECLARED_SELECTOR = YES;
				GCC_WARN_UNINITIALIZED_AUTOS = YES_AGGRESSIVE;
				GCC_WARN_UNUSED_FUNCTION = YES;
				GCC_WARN_UNUSED_VARIABLE = YES;
				IPHONEOS_DEPLOYMENT_TARGET = 11.3;
				MTL_ENABLE_DEBUG_INFO = NO;
				SDKROOT = iphoneos;
				SWIFT_COMPILATION_MODE = wholemodule;
				SWIFT_OPTIMIZATION_LEVEL = "-O";
				VALIDATE_PRODUCT = YES;
			};
			name = Release;
		};
		9EBE9F8620C1C53A00A32121 /* Debug */ = {
			isa = XCBuildConfiguration;
			baseConfigurationReference = D0409384AE971EF8B376956D /* Pods-AYMProject.debug.xcconfig */;
			buildSettings = {
				ASSETCATALOG_COMPILER_APPICON_NAME = AppIcon;
				CODE_SIGN_STYLE = Automatic;
				INFOPLIST_FILE = AYMProject/Info.plist;
				LD_RUNPATH_SEARCH_PATHS = (
					"$(inherited)",
					"@executable_path/Frameworks",
				);
				PRODUCT_BUNDLE_IDENTIFIER = com.aym.AYMProject;
				PRODUCT_NAME = "$(TARGET_NAME)";
				SWIFT_VERSION = 4.0;
				TARGETED_DEVICE_FAMILY = "1,2";
			};
			name = Debug;
		};
		9EBE9F8720C1C53A00A32121 /* Release */ = {
			isa = XCBuildConfiguration;
			baseConfigurationReference = 35AFA80C9323445E975E284A /* Pods-AYMProject.release.xcconfig */;
			buildSettings = {
				ASSETCATALOG_COMPILER_APPICON_NAME = AppIcon;
				CODE_SIGN_STYLE = Automatic;
				INFOPLIST_FILE = AYMProject/Info.plist;
				LD_RUNPATH_SEARCH_PATHS = (
					"$(inherited)",
					"@executable_path/Frameworks",
				);
				PRODUCT_BUNDLE_IDENTIFIER = com.aym.AYMProject;
				PRODUCT_NAME = "$(TARGET_NAME)";
				SWIFT_VERSION = 4.0;
				TARGETED_DEVICE_FAMILY = "1,2";
			};
			name = Release;
		};
/* End XCBuildConfiguration section */

/* Begin XCConfigurationList section */
		9EBE9F6E20C1C53900A32121 /* Build configuration list for PBXProject "AYMProject" */ = {
			isa = XCConfigurationList;
			buildConfigurations = (
				9EBE9F8320C1C53A00A32121 /* Debug */,
				9EBE9F8420C1C53A00A32121 /* Release */,
			);
			defaultConfigurationIsVisible = 0;
			defaultConfigurationName = Release;
		};
		9EBE9F8520C1C53A00A32121 /* Build configuration list for PBXNativeTarget "AYMProject" */ = {
			isa = XCConfigurationList;
			buildConfigurations = (
				9EBE9F8620C1C53A00A32121 /* Debug */,
				9EBE9F8720C1C53A00A32121 /* Release */,
			);
			defaultConfigurationIsVisible = 0;
			defaultConfigurationName = Release;
		};
/* End XCConfigurationList section */
	};
	rootObject = 9EBE9F6B20C1C53900A32121 /* Project object */;
}
